<Solution>
  <Project Path="../../../Curso/Exercício 2 sobre Estrutura Repetitiva/Exercício 2 sobre Estrutura Repetitiva.csproj" />
  <Project Path="Exercício 3 sobre Estrutura Repetitiva/Exercício 3 sobre Estrutura Repetitiva.csproj" />
  <Project Path="Exercícios 4 sobre Estrutura Repetitiva/Exercícios 4 sobre Estrutura Repetitiva.csproj" />
  <Project Path="Exercícios sobre Estrutura Repetitiva.csproj" />
</Solution>
